<?xml version="1.0" encoding="utf-8"?>
<Project ToolsVersion="4.0" xmlns="http://schemas.microsoft.com/developer/msbuild/2003">
  <ItemGroup>
    <Filter Include="源文件">
      <UniqueIdentifier>{4FC737F1-C7A5-4376-A066-2A32D752A2FF}</UniqueIdentifier>
      <Extensions>cpp;c;cc;cxx;def;odl;idl;hpj;bat;asm;asmx</Extensions>
    </Filter>
    <Filter Include="头文件">
      <UniqueIdentifier>{93995380-89BD-4b04-88EB-625FBE52EBFB}</UniqueIdentifier>
      <Extensions>h;hpp;hxx;hm;inl;inc;xsd</Extensions>
    </Filter>
    <Filter Include="资源文件">
      <UniqueIdentifier>{67DA6AB6-F800-4c08-8B7A-83BB121AAD01}</UniqueIdentifier>
      <Extensions>rc;ico;cur;bmp;dlg;rc2;rct;bin;rgs;gif;jpg;jpeg;jpe;resx;tiff;tif;png;wav;mfcribbon-ms</Extensions>
    </Filter>
  </ItemGroup>
  <ItemGroup>
    <None Include="ReadMe.txt" />
    <None Include="res\SpecialVH264.rc2">
      <Filter>资源文件</Filter>
    </None>
    <None Include="res\SpecialVH264.ico">
      <Filter>资源文件</Filter>
    </None>
    <None Include="res\264_logo.bmp">
      <Filter>资源文件</Filter>
    </None>
    <None Include="res\264.ico">
      <Filter>资源文件</Filter>
    </None>
    <None Include="..\..\logo.bmp">
      <Filter>资源文件</Filter>
    </None>
    <None Include="res\main_theme_h264_en.bmp">
      <Filter>资源文件</Filter>
    </None>
    <None Include="res\main_theme_h264.bmp">
      <Filter>资源文件</Filter>
    </None>
    <None Include="..\..\main_theme_h264.bmp">
      <Filter>资源文件</Filter>
    </None>
    <None Include="..\..\main_theme_h264_en.bmp">
      <Filter>资源文件</Filter>
    </None>
    <None Include="..\..\bitmap1.bmp">
      <Filter>资源文件</Filter>
    </None>
    <None Include="..\..\互联网视音频QoE评价与检测系统\main_theme_h264.bmp">
      <Filter>资源文件</Filter>
    </None>
  </ItemGroup>
  <ItemGroup>
    <ClInclude Include="SpecialVH264.h">
      <Filter>头文件</Filter>
    </ClInclude>
    <ClInclude Include="SpecialVH264Dlg.h">
      <Filter>头文件</Filter>
    </ClInclude>
    <ClInclude Include="stdafx.h">
      <Filter>头文件</Filter>
    </ClInclude>
    <ClInclude Include="targetver.h">
      <Filter>头文件</Filter>
    </ClInclude>
    <ClInclude Include="Resource.h">
      <Filter>头文件</Filter>
    </ClInclude>
    <ClInclude Include="NALParse.h">
      <Filter>头文件</Filter>
    </ClInclude>
    <ClInclude Include="bs.h">
      <Filter>头文件</Filter>
    </ClInclude>
    <ClInclude Include="h264_avcc.h">
      <Filter>头文件</Filter>
    </ClInclude>
    <ClInclude Include="h264_sei.h">
      <Filter>头文件</Filter>
    </ClInclude>
    <ClInclude Include="h264_stream.h">
      <Filter>头文件</Filter>
    </ClInclude>
    <ClInclude Include="h264_analyze.h">
      <Filter>头文件</Filter>
    </ClInclude>
  </ItemGroup>
  <ItemGroup>
    <ClCompile Include="SpecialVH264.cpp">
      <Filter>源文件</Filter>
    </ClCompile>
    <ClCompile Include="SpecialVH264Dlg.cpp">
      <Filter>源文件</Filter>
    </ClCompile>
    <ClCompile Include="stdafx.cpp">
      <Filter>源文件</Filter>
    </ClCompile>
    <ClCompile Include="NALParse.cpp">
      <Filter>源文件</Filter>
    </ClCompile>
    <ClCompile Include="h264_analyze.cpp">
      <Filter>源文件</Filter>
    </ClCompile>
    <ClCompile Include="h264_avcc.cpp">
      <Filter>源文件</Filter>
    </ClCompile>
    <ClCompile Include="h264_sei.cpp">
      <Filter>源文件</Filter>
    </ClCompile>
    <ClCompile Include="h264_stream.cpp">
      <Filter>源文件</Filter>
    </ClCompile>
  </ItemGroup>
  <ItemGroup>
    <ResourceCompile Include="SpecialVH264.rc">
      <Filter>资源文件</Filter>
    </ResourceCompile>
  </ItemGroup>
</Project>